packages:
- package: calogica/dbt_expectations
  version: 0.8.2
- package: dbt-labs/dbt_utils
  version: 1.0.0
- git: https://github.com/FlipsideCrypto/fsc-utils.git
  revision: 87e00eb90acddcc7a34aa8e67e3b3bac86b262e6
- package: get-select/dbt_snowflake_query_tags
  version: 2.5.0
- package: calogica/dbt_date
  version: 0.7.2
- git: https://github.com/FlipsideCrypto/livequery-models.git
  revision: 2651a45b7e123f7bd421bcc0e7e2a7bcbaf7652f
sha1_hash: 3a13ebba8cc512b1092e942e770f61c35caae8fc
